// !$*UTF8*$!
{
	archiveVersion = 1;
	classes = {
	};
	objectVersion = 46;
	objects = {

/* Begin PBXBuildFile section */
		2C13B912199D0C3D00A99CDE /* Foundation.framework in Frameworks */ = {isa = PBXBuildFile; fileRef = 2C13B911199D0C3D00A99CDE /* Foundation.framework */; };
		2C13B914199D0C3D00A99CDE /* CoreGraphics.framework in Frameworks */ = {isa = PBXBuildFile; fileRef = 2C13B913199D0C3D00A99CDE /* CoreGraphics.framework */; };
		2C13B916199D0C3D00A99CDE /* UIKit.framework in Frameworks */ = {isa = PBXBuildFile; fileRef = 2C13B915199D0C3D00A99CDE /* UIKit.framework */; };
		2C13B91C199D0C3D00A99CDE /* InfoPlist.strings in Resources */ = {isa = PBXBuildFile; fileRef = 2C13B91A199D0C3D00A99CDE /* InfoPlist.strings */; };
		2C13B91E199D0C3D00A99CDE /* main.m in Sources */ = {isa = PBXBuildFile; fileRef = 2C13B91D199D0C3D00A99CDE /* main.m */; };
		2C13B922199D0C3D00A99CDE /* AppDelegate.m in Sources */ = {isa = PBXBuildFile; fileRef = 2C13B921199D0C3D00A99CDE /* AppDelegate.m */; };
		2C13B925199D0C3D00A99CDE /* Main.storyboard in Resources */ = {isa = PBXBuildFile; fileRef = 2C13B923199D0C3D00A99CDE /* Main.storyboard */; };
		2C13B928199D0C3D00A99CDE /* ViewController.m in Sources */ = {isa = PBXBuildFile; fileRef = 2C13B927199D0C3D00A99CDE /* ViewController.m */; };
		2C13B92A199D0C3D00A99CDE /* Images.xcassets in Resources */ = {isa = PBXBuildFile; fileRef = 2C13B929199D0C3D00A99CDE /* Images.xcassets */; };
		2C13B931199D0C3D00A99CDE /* XCTest.framework in Frameworks */ = {isa = PBXBuildFile; fileRef = 2C13B930199D0C3D00A99CDE /* XCTest.framework */; };
		2C13B932199D0C3D00A99CDE /* Foundation.framework in Frameworks */ = {isa = PBXBuildFile; fileRef = 2C13B911199D0C3D00A99CDE /* Foundation.framework */; };
		2C13B933199D0C3D00A99CDE /* UIKit.framework in Frameworks */ = {isa = PBXBuildFile; fileRef = 2C13B915199D0C3D00A99CDE /* UIKit.framework */; };
		2C13B93B199D0C3D00A99CDE /* InfoPlist.strings in Resources */ = {isa = PBXBuildFile; fileRef = 2C13B939199D0C3D00A99CDE /* InfoPlist.strings */; };
		2C13B93D199D0C3D00A99CDE /* NotificationsTests.m in Sources */ = {isa = PBXBuildFile; fileRef = 2C13B93C199D0C3D00A99CDE /* NotificationsTests.m */; };
		2C13B948199D0E3D00A99CDE /* ColorView.m in Sources */ = {isa = PBXBuildFile; fileRef = 2C13B947199D0E3D00A99CDE /* ColorView.m */; };
/* End PBXBuildFile section */

/* Begin PBXContainerItemProxy section */
		2C13B934199D0C3D00A99CDE /* PBXContainerItemProxy */ = {
			isa = PBXContainerItemProxy;
			containerPortal = 2C13B906199D0C3D00A99CDE /* Project object */;
			proxyType = 1;
			remoteGlobalIDString = 2C13B90D199D0C3D00A99CDE;
			remoteInfo = Notifications;
		};
/* End PBXContainerItemProxy section */

/* Begin PBXFileReference section */
		2C13B90E199D0C3D00A99CDE /* Notifications.app */ = {isa = PBXFileReference; explicitFileType = wrapper.application; includeInIndex = 0; path = Notifications.app; sourceTree = BUILT_PRODUCTS_DIR; };
		2C13B911199D0C3D00A99CDE /* Foundation.framework */ = {isa = PBXFileReference; lastKnownFileType = wrapper.framework; name = Foundation.framework; path = System/Library/Frameworks/Foundation.framework; sourceTree = SDKROOT; };
		2C13B913199D0C3D00A99CDE /* CoreGraphics.framework */ = {isa = PBXFileReference; lastKnownFileType = wrapper.framework; name = CoreGraphics.framework; path = System/Library/Frameworks/CoreGraphics.framework; sourceTree = SDKROOT; };
		2C13B915199D0C3D00A99CDE /* UIKit.framework */ = {isa = PBXFileReference; lastKnownFileType = wrapper.framework; name = UIKit.framework; path = System/Library/Frameworks/UIKit.framework; sourceTree = SDKROOT; };
		2C13B919199D0C3D00A99CDE /* Notifications-Info.plist */ = {isa = PBXFileReference; lastKnownFileType = text.plist.xml; path = "Notifications-Info.plist"; sourceTree = "<group>"; };
		2C13B91B199D0C3D00A99CDE /* en */ = {isa = PBXFileReference; lastKnownFileType = text.plist.strings; name = en; path = en.lproj/InfoPlist.strings; sourceTree = "<group>"; };
		2C13B91D199D0C3D00A99CDE /* main.m */ = {isa = PBXFileReference; lastKnownFileType = sourcecode.c.objc; path = main.m; sourceTree = "<group>"; };
		2C13B91F199D0C3D00A99CDE /* Notifications-Prefix.pch */ = {isa = PBXFileReference; lastKnownFileType = sourcecode.c.h; path = "Notifications-Prefix.pch"; sourceTree = "<group>"; };
		2C13B920199D0C3D00A99CDE /* AppDelegate.h */ = {isa = PBXFileReference; lastKnownFileType = sourcecode.c.h; path = AppDelegate.h; sourceTree = "<group>"; };
		2C13B921199D0C3D00A99CDE /* AppDelegate.m */ = {isa = PBXFileReference; lastKnownFileType = sourcecode.c.objc; path = AppDelegate.m; sourceTree = "<group>"; };
		2C13B924199D0C3D00A99CDE /* Base */ = {isa = PBXFileReference; lastKnownFileType = file.storyboard; name = Base; path = Base.lproj/Main.storyboard; sourceTree = "<group>"; };
		2C13B926199D0C3D00A99CDE /* ViewController.h */ = {isa = PBXFileReference; lastKnownFileType = sourcecode.c.h; path = ViewController.h; sourceTree = "<group>"; };
		2C13B927199D0C3D00A99CDE /* ViewController.m */ = {isa = PBXFileReference; lastKnownFileType = sourcecode.c.objc; path = ViewController.m; sourceTree = "<group>"; };
		2C13B929199D0C3D00A99CDE /* Images.xcassets */ = {isa = PBXFileReference; lastKnownFileType = folder.assetcatalog; path = Images.xcassets; sourceTree = "<group>"; };
		2C13B92F199D0C3D00A99CDE /* NotificationsTests.xctest */ = {isa = PBXFileReference; explicitFileType = wrapper.cfbundle; includeInIndex = 0; path = NotificationsTests.xctest; sourceTree = BUILT_PRODUCTS_DIR; };
		2C13B930199D0C3D00A99CDE /* XCTest.framework */ = {isa = PBXFileReference; lastKnownFileType = wrapper.framework; name = XCTest.framework; path = Library/Frameworks/XCTest.framework; sourceTree = DEVELOPER_DIR; };
		2C13B938199D0C3D00A99CDE /* NotificationsTests-Info.plist */ = {isa = PBXFileReference; lastKnownFileType = text.plist.xml; path = "NotificationsTests-Info.plist"; sourceTree = "<group>"; };
		2C13B93A199D0C3D00A99CDE /* en */ = {isa = PBXFileReference; lastKnownFileType = text.plist.strings; name = en; path = en.lproj/InfoPlist.strings; sourceTree = "<group>"; };
		2C13B93C199D0C3D00A99CDE /* NotificationsTests.m */ = {isa = PBXFileReference; lastKnownFileType = sourcecode.c.objc; path = NotificationsTests.m; sourceTree = "<group>"; };
		2C13B946199D0E3D00A99CDE /* ColorView.h */ = {isa = PBXFileReference; fileEncoding = 4; lastKnownFileType = sourcecode.c.h; path = ColorView.h; sourceTree = "<group>"; };
		2C13B947199D0E3D00A99CDE /* ColorView.m */ = {isa = PBXFileReference; fileEncoding = 4; lastKnownFileType = sourcecode.c.objc; path = ColorView.m; sourceTree = "<group>"; };
/* End PBXFileReference section */

/* Begin PBXFrameworksBuildPhase section */
		2C13B90B199D0C3D00A99CDE /* Frameworks */ = {
			isa = PBXFrameworksBuildPhase;
			buildActionMask = 2147483647;
			files = (
				2C13B914199D0C3D00A99CDE /* CoreGraphics.framework in Frameworks */,
				2C13B916199D0C3D00A99CDE /* UIKit.framework in Frameworks */,
				2C13B912199D0C3D00A99CDE /* Foundation.framework in Frameworks */,
			);
			runOnlyForDeploymentPostprocessing = 0;
		};
		2C13B92C199D0C3D00A99CDE /* Frameworks */ = {
			isa = PBXFrameworksBuildPhase;
			buildActionMask = 2147483647;
			files = (
				2C13B931199D0C3D00A99CDE /* XCTest.framework in Frameworks */,
				2C13B933199D0C3D00A99CDE /* UIKit.framework in Frameworks */,
				2C13B932199D0C3D00A99CDE /* Foundation.framework in Frameworks */,
			);
			runOnlyForDeploymentPostprocessing = 0;
		};
/* End PBXFrameworksBuildPhase section */

/* Begin PBXGroup section */
		2C13B905199D0C3D00A99CDE = {
			isa = PBXGroup;
			children = (
				2C13B917199D0C3D00A99CDE /* Notifications */,
				2C13B936199D0C3D00A99CDE /* NotificationsTests */,
				2C13B910199D0C3D00A99CDE /* Frameworks */,
				2C13B90F199D0C3D00A99CDE /* Products */,
			);
			sourceTree = "<group>";
		};
		2C13B90F199D0C3D00A99CDE /* Products */ = {
			isa = PBXGroup;
			children = (
				2C13B90E199D0C3D00A99CDE /* Notifications.app */,
				2C13B92F199D0C3D00A99CDE /* NotificationsTests.xctest */,
			);
			name = Products;
			sourceTree = "<group>";
		};
		2C13B910199D0C3D00A99CDE /* Frameworks */ = {
			isa = PBXGroup;
			children = (
				2C13B911199D0C3D00A99CDE /* Foundation.framework */,
				2C13B913199D0C3D00A99CDE /* CoreGraphics.framework */,
				2C13B915199D0C3D00A99CDE /* UIKit.framework */,
				2C13B930199D0C3D00A99CDE /* XCTest.framework */,
			);
			name = Frameworks;
			sourceTree = "<group>";
		};
		2C13B917199D0C3D00A99CDE /* Notifications */ = {
			isa = PBXGroup;
			children = (
				2C13B920199D0C3D00A99CDE /* AppDelegate.h */,
				2C13B946199D0E3D00A99CDE /* ColorView.h */,
				2C13B947199D0E3D00A99CDE /* ColorView.m */,
				2C13B921199D0C3D00A99CDE /* AppDelegate.m */,
				2C13B923199D0C3D00A99CDE /* Main.storyboard */,
				2C13B926199D0C3D00A99CDE /* ViewController.h */,
				2C13B927199D0C3D00A99CDE /* ViewController.m */,
				2C13B929199D0C3D00A99CDE /* Images.xcassets */,
				2C13B918199D0C3D00A99CDE /* Supporting Files */,
			);
			path = Notifications;
			sourceTree = "<group>";
		};
		2C13B918199D0C3D00A99CDE /* Supporting Files */ = {
			isa = PBXGroup;
			children = (
				2C13B919199D0C3D00A99CDE /* Notifications-Info.plist */,
				2C13B91A199D0C3D00A99CDE /* InfoPlist.strings */,
				2C13B91D199D0C3D00A99CDE /* main.m */,
				2C13B91F199D0C3D00A99CDE /* Notifications-Prefix.pch */,
			);
			name = "Supporting Files";
			sourceTree = "<group>";
		};
		2C13B936199D0C3D00A99CDE /* NotificationsTests */ = {
			isa = PBXGroup;
			children = (
				2C13B93C199D0C3D00A99CDE /* NotificationsTests.m */,
				2C13B937199D0C3D00A99CDE /* Supporting Files */,
			);
			path = NotificationsTests;
			sourceTree = "<group>";
		};
		2C13B937199D0C3D00A99CDE /* Supporting Files */ = {
			isa = PBXGroup;
			children = (
				2C13B938199D0C3D00A99CDE /* NotificationsTests-Info.plist */,
				2C13B939199D0C3D00A99CDE /* InfoPlist.strings */,
			);
			name = "Supporting Files";
			sourceTree = "<group>";
		};
/* End PBXGroup section */

/* Begin PBXNativeTarget section */
		2C13B90D199D0C3D00A99CDE /* Notifications */ = {
			isa = PBXNativeTarget;
			buildConfigurationList = 2C13B940199D0C3D00A99CDE /* Build configuration list for PBXNativeTarget "Notifications" */;
			buildPhases = (
				2C13B90A199D0C3D00A99CDE /* Sources */,
				2C13B90B199D0C3D00A99CDE /* Frameworks */,
				2C13B90C199D0C3D00A99CDE /* Resources */,
			);
			buildRules = (
			);
			dependencies = (
			);
			name = Notifications;
			productName = Notifications;
			productReference = 2C13B90E199D0C3D00A99CDE /* Notifications.app */;
			productType = "com.apple.product-type.application";
		};
		2C13B92E199D0C3D00A99CDE /* NotificationsTests */ = {
			isa = PBXNativeTarget;
			buildConfigurationList = 2C13B943199D0C3D00A99CDE /* Build configuration list for PBXNativeTarget "NotificationsTests" */;
			buildPhases = (
				2C13B92B199D0C3D00A99CDE /* Sources */,
				2C13B92C199D0C3D00A99CDE /* Frameworks */,
				2C13B92D199D0C3D00A99CDE /* Resources */,
			);
			buildRules = (
			);
			dependencies = (
				2C13B935199D0C3D00A99CDE /* PBXTargetDependency */,
			);
			name = NotificationsTests;
			productName = NotificationsTests;
			productReference = 2C13B92F199D0C3D00A99CDE /* NotificationsTests.xctest */;
			productType = "com.apple.product-type.bundle.unit-test";
		};
/* End PBXNativeTarget section */

/* Begin PBXProject section */
		2C13B906199D0C3D00A99CDE /* Project object */ = {
			isa = PBXProject;
			attributes = {
				LastUpgradeCheck = 0510;
				ORGANIZATIONNAME = "Mobile Makers";
				TargetAttributes = {
					2C13B92E199D0C3D00A99CDE = {
						TestTargetID = 2C13B90D199D0C3D00A99CDE;
					};
				};
			};
			buildConfigurationList = 2C13B909199D0C3D00A99CDE /* Build configuration list for PBXProject "Notifications" */;
			compatibilityVersion = "Xcode 3.2";
			developmentRegion = English;
			hasScannedForEncodings = 0;
			knownRegions = (
				en,
				Base,
			);
			mainGroup = 2C13B905199D0C3D00A99CDE;
			productRefGroup = 2C13B90F199D0C3D00A99CDE /* Products */;
			projectDirPath = "";
			projectRoot = "";
			targets = (
				2C13B90D199D0C3D00A99CDE /* Notifications */,
				2C13B92E199D0C3D00A99CDE /* NotificationsTests */,
			);
		};
/* End PBXProject section */

/* Begin PBXResourcesBuildPhase section */
		2C13B90C199D0C3D00A99CDE /* Resources */ = {
			isa = PBXResourcesBuildPhase;
			buildActionMask = 2147483647;
			files = (
				2C13B92A199D0C3D00A99CDE /* Images.xcassets in Resources */,
				2C13B91C199D0C3D00A99CDE /* InfoPlist.strings in Resources */,
				2C13B925199D0C3D00A99CDE /* Main.storyboard in Resources */,
			);
			runOnlyForDeploymentPostprocessing = 0;
		};
		2C13B92D199D0C3D00A99CDE /* Resources */ = {
			isa = PBXResourcesBuildPhase;
			buildActionMask = 2147483647;
			files = (
				2C13B93B199D0C3D00A99CDE /* InfoPlist.strings in Resources */,
			);
			runOnlyForDeploymentPostprocessing = 0;
		};
/* End PBXResourcesBuildPhase section */

/* Begin PBXSourcesBuildPhase section */
		2C13B90A199D0C3D00A99CDE /* Sources */ = {
			isa = PBXSourcesBuildPhase;
			buildActionMask = 2147483647;
			files = (
				2C13B948199D0E3D00A99CDE /* ColorView.m in Sources */,
				2C13B928199D0C3D00A99CDE /* ViewController.m in Sources */,
				2C13B922199D0C3D00A99CDE /* AppDelegate.m in Sources */,
				2C13B91E199D0C3D00A99CDE /* main.m in Sources */,
			);
			runOnlyForDeploymentPostprocessing = 0;
		};
		2C13B92B199D0C3D00A99CDE /* Sources */ = {
			isa = PBXSourcesBuildPhase;
			buildActionMask = 2147483647;
			files = (
				2C13B93D199D0C3D00A99CDE /* NotificationsTests.m in Sources */,
			);
			runOnlyForDeploymentPostprocessing = 0;
		};
/* End PBXSourcesBuildPhase section */

/* Begin PBXTargetDependency section */
		2C13B935199D0C3D00A99CDE /* PBXTargetDependency */ = {
			isa = PBXTargetDependency;
			target = 2C13B90D199D0C3D00A99CDE /* Notifications */;
			targetProxy = 2C13B934199D0C3D00A99CDE /* PBXContainerItemProxy */;
		};
/* End PBXTargetDependency section */

/* Begin PBXVariantGroup section */
		2C13B91A199D0C3D00A99CDE /* InfoPlist.strings */ = {
			isa = PBXVariantGroup;
			children = (
				2C13B91B199D0C3D00A99CDE /* en */,
			);
			name = InfoPlist.strings;
			sourceTree = "<group>";
		};
		2C13B923199D0C3D00A99CDE /* Main.storyboard */ = {
			isa = PBXVariantGroup;
			children = (
				2C13B924199D0C3D00A99CDE /* Base */,
			);
			name = Main.storyboard;
			sourceTree = "<group>";
		};
		2C13B939199D0C3D00A99CDE /* InfoPlist.strings */ = {
			isa = PBXVariantGroup;
			children = (
				2C13B93A199D0C3D00A99CDE /* en */,
			);
			name = InfoPlist.strings;
			sourceTree = "<group>";
		};
/* End PBXVariantGroup section */

/* Begin XCBuildConfiguration section */
		2C13B93E199D0C3D00A99CDE /* Debug */ = {
			isa = XCBuildConfiguration;
			buildSettings = {
				ALWAYS_SEARCH_USER_PATHS = NO;
				CLANG_CXX_LANGUAGE_STANDARD = "gnu++0x";
				CLANG_CXX_LIBRARY = "libc++";
				CLANG_ENABLE_MODULES = YES;
				CLANG_ENABLE_OBJC_ARC = YES;
				CLANG_WARN_BOOL_CONVERSION = YES;
				CLANG_WARN_CONSTANT_CONVERSION = YES;
				CLANG_WARN_DIRECT_OBJC_ISA_USAGE = YES_ERROR;
				CLANG_WARN_EMPTY_BODY = YES;
				CLANG_WARN_ENUM_CONVERSION = YES;
				CLANG_WARN_INT_CONVERSION = YES;
				CLANG_WARN_OBJC_ROOT_CLASS = YES_ERROR;
				CLANG_WARN__DUPLICATE_METHOD_MATCH = YES;
				"CODE_SIGN_IDENTITY[sdk=iphoneos*]" = "iPhone Developer";
				COPY_PHASE_STRIP = NO;
				GCC_C_LANGUAGE_STANDARD = gnu99;
				GCC_DYNAMIC_NO_PIC = NO;
				GCC_OPTIMIZATION_LEVEL = 0;
				GCC_PREPROCESSOR_DEFINITIONS = (
					"DEBUG=1",
					"$(inherited)",
				);
				GCC_SYMBOLS_PRIVATE_EXTERN = NO;
				GCC_WARN_64_TO_32_BIT_CONVERSION = YES;
				GCC_WARN_ABOUT_RETURN_TYPE = YES_ERROR;
				GCC_WARN_UNDECLARED_SELECTOR = YES;
				GCC_WARN_UNINITIALIZED_AUTOS = YES_AGGRESSIVE;
				GCC_WARN_UNUSED_FUNCTION = YES;
				GCC_WARN_UNUSED_VARIABLE = YES;
				IPHONEOS_DEPLOYMENT_TARGET = 7.1;
				ONLY_ACTIVE_ARCH = YES;
				SDKROOT = iphoneos;
			};
			name = Debug;
		};
		2C13B93F199D0C3D00A99CDE /* Release */ = {
			isa = XCBuildConfiguration;
			buildSettings = {
				ALWAYS_SEARCH_USER_PATHS = NO;
				CLANG_CXX_LANGUAGE_STANDARD = "gnu++0x";
				CLANG_CXX_LIBRARY = "libc++";
				CLANG_ENABLE_MODULES = YES;
				CLANG_ENABLE_OBJC_ARC = YES;
				CLANG_WARN_BOOL_CONVERSION = YES;
				CLANG_WARN_CONSTANT_CONVERSION = YES;
				CLANG_WARN_DIRECT_OBJC_ISA_USAGE = YES_ERROR;
				CLANG_WARN_EMPTY_BODY = YES;
				CLANG_WARN_ENUM_CONVERSION = YES;
				CLANG_WARN_INT_CONVERSION = YES;
				CLANG_WARN_OBJC_ROOT_CLASS = YES_ERROR;
				CLANG_WARN__DUPLICATE_METHOD_MATCH = YES;
				"CODE_SIGN_IDENTITY[sdk=iphoneos*]" = "iPhone Developer";
				COPY_PHASE_STRIP = YES;
				ENABLE_NS_ASSERTIONS = NO;
				GCC_C_LANGUAGE_STANDARD = gnu99;
				GCC_WARN_64_TO_32_BIT_CONVERSION = YES;
				GCC_WARN_ABOUT_RETURN_TYPE = YES_ERROR;
				GCC_WARN_UNDECLARED_SELECTOR = YES;
				GCC_WARN_UNINITIALIZED_AUTOS = YES_AGGRESSIVE;
				GCC_WARN_UNUSED_FUNCTION = YES;
				GCC_WARN_UNUSED_VARIABLE = YES;
				IPHONEOS_DEPLOYMENT_TARGET = 7.1;
				SDKROOT = iphoneos;
				VALIDATE_PRODUCT = YES;
			};
			name = Release;
		};
		2C13B941199D0C3D00A99CDE /* Debug */ = {
			isa = XCBuildConfiguration;
			buildSettings = {
				ASSETCATALOG_COMPILER_APPICON_NAME = AppIcon;
				ASSETCATALOG_COMPILER_LAUNCHIMAGE_NAME = LaunchImage;
				GCC_PRECOMPILE_PREFIX_HEADER = YES;
				GCC_PREFIX_HEADER = "Notifications/Notifications-Prefix.pch";
				INFOPLIST_FILE = "Notifications/Notifications-Info.plist";
				PRODUCT_NAME = "$(TARGET_NAME)";
				WRAPPER_EXTENSION = app;
			};
			name = Debug;
		};
		2C13B942199D0C3D00A99CDE /* Release */ = {
			isa = XCBuildConfiguration;
			buildSettings = {
				ASSETCATALOG_COMPILER_APPICON_NAME = AppIcon;
				ASSETCATALOG_COMPILER_LAUNCHIMAGE_NAME = LaunchImage;
				GCC_PRECOMPILE_PREFIX_HEADER = YES;
				GCC_PREFIX_HEADER = "Notifications/Notifications-Prefix.pch";
				INFOPLIST_FILE = "Notifications/Notifications-Info.plist";
				PRODUCT_NAME = "$(TARGET_NAME)";
				WRAPPER_EXTENSION = app;
			};
			name = Release;
		};
		2C13B944199D0C3D00A99CDE /* Debug */ = {
			isa = XCBuildConfiguration;
			buildSettings = {
				BUNDLE_LOADER = "$(BUILT_PRODUCTS_DIR)/Notifications.app/Notifications";
				FRAMEWORK_SEARCH_PATHS = (
					"$(SDKROOT)/Developer/Library/Frameworks",
					"$(inherited)",
					"$(DEVELOPER_FRAMEWORKS_DIR)",
				);
				GCC_PRECOMPILE_PREFIX_HEADER = YES;
				GCC_PREFIX_HEADER = "Notifications/Notifications-Prefix.pch";
				GCC_PREPROCESSOR_DEFINITIONS = (
					"DEBUG=1",
					"$(inherited)",
				);
				INFOPLIST_FILE = "NotificationsTests/NotificationsTests-Info.plist";
				PRODUCT_NAME = "$(TARGET_NAME)";
				TEST_HOST = "$(BUNDLE_LOADER)";
				WRAPPER_EXTENSION = xctest;
			};
			name = Debug;
		};
		2C13B945199D0C3D00A99CDE /* Release */ = {
			isa = XCBuildConfiguration;
			buildSettings = {
				BUNDLE_LOADER = "$(BUILT_PRODUCTS_DIR)/Notifications.app/Notifications";
				FRAMEWORK_SEARCH_PATHS = (
					"$(SDKROOT)/Developer/Library/Frameworks",
					"$(inherited)",
					"$(DEVELOPER_FRAMEWORKS_DIR)",
				);
				GCC_PRECOMPILE_PREFIX_HEADER = YES;
				GCC_PREFIX_HEADER = "Notifications/Notifications-Prefix.pch";
				INFOPLIST_FILE = "NotificationsTests/NotificationsTests-Info.plist";
				PRODUCT_NAME = "$(TARGET_NAME)";
				TEST_HOST = "$(BUNDLE_LOADER)";
				WRAPPER_EXTENSION = xctest;
			};
			name = Release;
		};
/* End XCBuildConfiguration section */

/* Begin XCConfigurationList section */
		2C13B909199D0C3D00A99CDE /* Build configuration list for PBXProject "Notifications" */ = {
			isa = XCConfigurationList;
			buildConfigurations = (
				2C13B93E199D0C3D00A99CDE /* Debug */,
				2C13B93F199D0C3D00A99CDE /* Release */,
			);
			defaultConfigurationIsVisible = 0;
			defaultConfigurationName = Release;
		};
		2C13B940199D0C3D00A99CDE /* Build configuration list for PBXNativeTarget "Notifications" */ = {
			isa = XCConfigurationList;
			buildConfigurations = (
				2C13B941199D0C3D00A99CDE /* Debug */,
				2C13B942199D0C3D00A99CDE /* Release */,
			);
			defaultConfigurationIsVisible = 0;
		};
		2C13B943199D0C3D00A99CDE /* Build configuration list for PBXNativeTarget "NotificationsTests" */ = {
			isa = XCConfigurationList;
			buildConfigurations = (
				2C13B944199D0C3D00A99CDE /* Debug */,
				2C13B945199D0C3D00A99CDE /* Release */,
			);
			defaultConfigurationIsVisible = 0;
		};
/* End XCConfigurationList section */
	};
	rootObject = 2C13B906199D0C3D00A99CDE /* Project object */;
}
